// !$*UTF8*$!
{
	archiveVersion = 1;
	classes = {
	};
	objectVersion = 50;
	objects = {

/* Begin PBXBuildFile section */
		83877BB99D97E3DC0E17C0FE /* Pods_Pokedex.framework in Frameworks */ = {isa = PBXBuildFile; fileRef = FC887E0BFFB4D7DC0A421268 /* Pods_Pokedex.framework */; };
		ED1B15DE2677FE31002F3B05 /* ApiServiceProtocol.swift in Sources */ = {isa = PBXBuildFile; fileRef = ED1B15DD2677FE31002F3B05 /* ApiServiceProtocol.swift */; };
		ED1B15E02677FF89002F3B05 /* UILabelExtension.swift in Sources */ = {isa = PBXBuildFile; fileRef = ED1B15DF2677FF89002F3B05 /* UILabelExtension.swift */; };
		EDA2A3962677DEFB00C158DD /* AppDelegate.swift in Sources */ = {isa = PBXBuildFile; fileRef = EDA2A3952677DEFB00C158DD /* AppDelegate.swift */; };
		EDA2A3982677DEFB00C158DD /* SceneDelegate.swift in Sources */ = {isa = PBXBuildFile; fileRef = EDA2A3972677DEFB00C158DD /* SceneDelegate.swift */; };
		EDA2A39F2677DEFF00C158DD /* Assets.xcassets in Resources */ = {isa = PBXBuildFile; fileRef = EDA2A39E2677DEFF00C158DD /* Assets.xcassets */; };
		EDA2A3A22677DEFF00C158DD /* LaunchScreen.storyboard in Resources */ = {isa = PBXBuildFile; fileRef = EDA2A3A02677DEFF00C158DD /* LaunchScreen.storyboard */; };
		EDC6EE6C2677F60E0028A2B8 /* .swiftlint.yml in Resources */ = {isa = PBXBuildFile; fileRef = EDC6EE6B2677F60E0028A2B8 /* .swiftlint.yml */; };
		EDC6EE6E2677F6900028A2B8 /* .gitignore in Resources */ = {isa = PBXBuildFile; fileRef = EDC6EE6D2677F6900028A2B8 /* .gitignore */; };
		EDC6EE752677F93C0028A2B8 /* PokemonListViewModel.swift in Sources */ = {isa = PBXBuildFile; fileRef = EDC6EE742677F93C0028A2B8 /* PokemonListViewModel.swift */; };
		EDC6EE7B2677FB9F0028A2B8 /* ApiService.swift in Sources */ = {isa = PBXBuildFile; fileRef = EDC6EE7A2677FB9F0028A2B8 /* ApiService.swift */; };
		EDDA8E692677E40600539CAD /* PokemonListViewController.swift in Sources */ = {isa = PBXBuildFile; fileRef = EDDA8E682677E40600539CAD /* PokemonListViewController.swift */; };
/* End PBXBuildFile section */

/* Begin PBXFileReference section */
		4AFC31DDE65CF6A6826C21D0 /* Pods-Pokedex.debug.xcconfig */ = {isa = PBXFileReference; includeInIndex = 1; lastKnownFileType = text.xcconfig; name = "Pods-Pokedex.debug.xcconfig"; path = "Target Support Files/Pods-Pokedex/Pods-Pokedex.debug.xcconfig"; sourceTree = "<group>"; };
		C190186CEE1D56A1C0D606D1 /* Pods-Pokedex.release.xcconfig */ = {isa = PBXFileReference; includeInIndex = 1; lastKnownFileType = text.xcconfig; name = "Pods-Pokedex.release.xcconfig"; path = "Target Support Files/Pods-Pokedex/Pods-Pokedex.release.xcconfig"; sourceTree = "<group>"; };
		ED1B15DD2677FE31002F3B05 /* ApiServiceProtocol.swift */ = {isa = PBXFileReference; lastKnownFileType = sourcecode.swift; path = ApiServiceProtocol.swift; sourceTree = "<group>"; };
		ED1B15DF2677FF89002F3B05 /* UILabelExtension.swift */ = {isa = PBXFileReference; lastKnownFileType = sourcecode.swift; path = UILabelExtension.swift; sourceTree = "<group>"; };
		EDA2A3922677DEFB00C158DD /* Pokedex.app */ = {isa = PBXFileReference; explicitFileType = wrapper.application; includeInIndex = 0; path = Pokedex.app; sourceTree = BUILT_PRODUCTS_DIR; };
		EDA2A3952677DEFB00C158DD /* AppDelegate.swift */ = {isa = PBXFileReference; lastKnownFileType = sourcecode.swift; path = AppDelegate.swift; sourceTree = "<group>"; };
		EDA2A3972677DEFB00C158DD /* SceneDelegate.swift */ = {isa = PBXFileReference; lastKnownFileType = sourcecode.swift; path = SceneDelegate.swift; sourceTree = "<group>"; };
		EDA2A39E2677DEFF00C158DD /* Assets.xcassets */ = {isa = PBXFileReference; lastKnownFileType = folder.assetcatalog; path = Assets.xcassets; sourceTree = "<group>"; };
		EDA2A3A12677DEFF00C158DD /* Base */ = {isa = PBXFileReference; lastKnownFileType = file.storyboard; name = Base; path = Base.lproj/LaunchScreen.storyboard; sourceTree = "<group>"; };
		EDA2A3A32677DEFF00C158DD /* Info.plist */ = {isa = PBXFileReference; lastKnownFileType = text.plist.xml; path = Info.plist; sourceTree = "<group>"; };
		EDC6EE6B2677F60E0028A2B8 /* .swiftlint.yml */ = {isa = PBXFileReference; fileEncoding = 4; lastKnownFileType = text.yaml; path = .swiftlint.yml; sourceTree = SOURCE_ROOT; };
		EDC6EE6D2677F6900028A2B8 /* .gitignore */ = {isa = PBXFileReference; fileEncoding = 4; lastKnownFileType = text; path = .gitignore; sourceTree = SOURCE_ROOT; };
		EDC6EE742677F93C0028A2B8 /* PokemonListViewModel.swift */ = {isa = PBXFileReference; lastKnownFileType = sourcecode.swift; path = PokemonListViewModel.swift; sourceTree = "<group>"; };
		EDC6EE7A2677FB9F0028A2B8 /* ApiService.swift */ = {isa = PBXFileReference; lastKnownFileType = sourcecode.swift; path = ApiService.swift; sourceTree = "<group>"; };
		EDDA8E682677E40600539CAD /* PokemonListViewController.swift */ = {isa = PBXFileReference; lastKnownFileType = sourcecode.swift; path = PokemonListViewController.swift; sourceTree = "<group>"; };
		FC887E0BFFB4D7DC0A421268 /* Pods_Pokedex.framework */ = {isa = PBXFileReference; explicitFileType = wrapper.framework; includeInIndex = 0; path = Pods_Pokedex.framework; sourceTree = BUILT_PRODUCTS_DIR; };
/* End PBXFileReference section */

/* Begin PBXFrameworksBuildPhase section */
		EDA2A38F2677DEFB00C158DD /* Frameworks */ = {
			isa = PBXFrameworksBuildPhase;
			buildActionMask = 2147483647;
			files = (
				83877BB99D97E3DC0E17C0FE /* Pods_Pokedex.framework in Frameworks */,
			);
			runOnlyForDeploymentPostprocessing = 0;
		};
/* End PBXFrameworksBuildPhase section */

/* Begin PBXGroup section */
		6936A20D932943C3818D31A1 /* Frameworks */ = {
			isa = PBXGroup;
			children = (
				FC887E0BFFB4D7DC0A421268 /* Pods_Pokedex.framework */,
			);
			name = Frameworks;
			sourceTree = "<group>";
		};
		DBA60C35CC048EE326B99777 /* Pods */ = {
			isa = PBXGroup;
			children = (
				4AFC31DDE65CF6A6826C21D0 /* Pods-Pokedex.debug.xcconfig */,
				C190186CEE1D56A1C0D606D1 /* Pods-Pokedex.release.xcconfig */,
			);
			path = Pods;
			sourceTree = "<group>";
		};
		EDA2A3892677DEFB00C158DD = {
			isa = PBXGroup;
			children = (
				EDA2A3942677DEFB00C158DD /* Pokedex */,
				EDA2A3932677DEFB00C158DD /* Products */,
				DBA60C35CC048EE326B99777 /* Pods */,
				6936A20D932943C3818D31A1 /* Frameworks */,
			);
			sourceTree = "<group>";
		};
		EDA2A3932677DEFB00C158DD /* Products */ = {
			isa = PBXGroup;
			children = (
				EDA2A3922677DEFB00C158DD /* Pokedex.app */,
			);
			name = Products;
			sourceTree = "<group>";
		};
		EDA2A3942677DEFB00C158DD /* Pokedex */ = {
			isa = PBXGroup;
			children = (
				EDA2A3A92677E1DA00C158DD /* Application */,
				EDC6EE762677FB1E0028A2B8 /* Service */,
				EDC6EE782677FB470028A2B8 /* Model */,
				EDC6EE7C2677FC660028A2B8 /* Scenes */,
				EDC6EE6F2677F8940028A2B8 /* Extensions */,
				EDA2A3AA2677E1F600C158DD /* Misc */,
			);
			path = Pokedex;
			sourceTree = "<group>";
		};
		EDA2A3A92677E1DA00C158DD /* Application */ = {
			isa = PBXGroup;
			children = (
				EDA2A3952677DEFB00C158DD /* AppDelegate.swift */,
				EDA2A3972677DEFB00C158DD /* SceneDelegate.swift */,
			);
			path = Application;
			sourceTree = "<group>";
		};
		EDA2A3AA2677E1F600C158DD /* Misc */ = {
			isa = PBXGroup;
			children = (
				EDA2A3A32677DEFF00C158DD /* Info.plist */,
				EDC6EE6B2677F60E0028A2B8 /* .swiftlint.yml */,
				EDC6EE6D2677F6900028A2B8 /* .gitignore */,
				EDA2A3A02677DEFF00C158DD /* LaunchScreen.storyboard */,
				EDA2A39E2677DEFF00C158DD /* Assets.xcassets */,
			);
			path = Misc;
			sourceTree = "<group>";
		};
		EDA2A3AB2677E25200C158DD /* View */ = {
			isa = PBXGroup;
			children = (
				EDDA8E682677E40600539CAD /* PokemonListViewController.swift */,
			);
			path = View;
			sourceTree = "<group>";
		};
		EDC6EE6F2677F8940028A2B8 /* Extensions */ = {
			isa = PBXGroup;
			children = (
				ED1B15DF2677FF89002F3B05 /* UILabelExtension.swift */,
			);
			path = Extensions;
			sourceTree = "<group>";
		};
		EDC6EE732677F8EF0028A2B8 /* ViewModel */ = {
			isa = PBXGroup;
			children = (
				EDC6EE742677F93C0028A2B8 /* PokemonListViewModel.swift */,
			);
			path = ViewModel;
			sourceTree = "<group>";
		};
		EDC6EE762677FB1E0028A2B8 /* Service */ = {
			isa = PBXGroup;
			children = (
				EDC6EE7A2677FB9F0028A2B8 /* ApiService.swift */,
				ED1B15DD2677FE31002F3B05 /* ApiServiceProtocol.swift */,
			);
			path = Service;
			sourceTree = "<group>";
		};
		EDC6EE782677FB470028A2B8 /* Model */ = {
			isa = PBXGroup;
			children = (
			);
			path = Model;
			sourceTree = "<group>";
		};
		EDC6EE7C2677FC660028A2B8 /* Scenes */ = {
			isa = PBXGroup;
			children = (
				EDC6EE7D2677FC7A0028A2B8 /* PokemonList */,
			);
			path = Scenes;
			sourceTree = "<group>";
		};
		EDC6EE7D2677FC7A0028A2B8 /* PokemonList */ = {
			isa = PBXGroup;
			children = (
				EDC6EE732677F8EF0028A2B8 /* ViewModel */,
				EDA2A3AB2677E25200C158DD /* View */,
			);
			path = PokemonList;
			sourceTree = "<group>";
		};
/* End PBXGroup section */

/* Begin PBXNativeTarget section */
		EDA2A3912677DEFB00C158DD /* Pokedex */ = {
			isa = PBXNativeTarget;
			buildConfigurationList = EDA2A3A62677DEFF00C158DD /* Build configuration list for PBXNativeTarget "Pokedex" */;
			buildPhases = (
				2CD049EE8C8C7A6CBDBF5300 /* [CP] Check Pods Manifest.lock */,
				ED7AC5EA2677F0BE002D5F29 /* Run Script (SwiftLint) */,
				EDA2A38E2677DEFB00C158DD /* Sources */,
				EDA2A38F2677DEFB00C158DD /* Frameworks */,
				EDA2A3902677DEFB00C158DD /* Resources */,
			);
			buildRules = (
			);
			dependencies = (
			);
			name = Pokedex;
			packageProductDependencies = (
			);
			productName = "Pokédex";
			productReference = EDA2A3922677DEFB00C158DD /* Pokedex.app */;
			productType = "com.apple.product-type.application";
		};
/* End PBXNativeTarget section */

/* Begin PBXProject section */
		EDA2A38A2677DEFB00C158DD /* Project object */ = {
			isa = PBXProject;
			attributes = {
				LastSwiftUpdateCheck = 1250;
				LastUpgradeCheck = 1250;
				TargetAttributes = {
					EDA2A3912677DEFB00C158DD = {
						CreatedOnToolsVersion = 12.5;
					};
				};
			};
			buildConfigurationList = EDA2A38D2677DEFB00C158DD /* Build configuration list for PBXProject "Pokedex" */;
			compatibilityVersion = "Xcode 9.3";
			developmentRegion = en;
			hasScannedForEncodings = 0;
			knownRegions = (
				en,
				Base,
			);
			mainGroup = EDA2A3892677DEFB00C158DD;
			packageReferences = (
			);
			productRefGroup = EDA2A3932677DEFB00C158DD /* Products */;
			projectDirPath = "";
			projectRoot = "";
			targets = (
				EDA2A3912677DEFB00C158DD /* Pokedex */,
			);
		};
/* End PBXProject section */

/* Begin PBXResourcesBuildPhase section */
		EDA2A3902677DEFB00C158DD /* Resources */ = {
			isa = PBXResourcesBuildPhase;
			buildActionMask = 2147483647;
			files = (
				EDC6EE6E2677F6900028A2B8 /* .gitignore in Resources */,
				EDC6EE6C2677F60E0028A2B8 /* .swiftlint.yml in Resources */,
				EDA2A3A22677DEFF00C158DD /* LaunchScreen.storyboard in Resources */,
				EDA2A39F2677DEFF00C158DD /* Assets.xcassets in Resources */,
			);
			runOnlyForDeploymentPostprocessing = 0;
		};
/* End PBXResourcesBuildPhase section */

/* Begin PBXShellScriptBuildPhase section */
		2CD049EE8C8C7A6CBDBF5300 /* [CP] Check Pods Manifest.lock */ = {
			isa = PBXShellScriptBuildPhase;
			buildActionMask = 2147483647;
			files = (
			);
			inputFileListPaths = (
			);
			inputPaths = (
				"${PODS_PODFILE_DIR_PATH}/Podfile.lock",
				"${PODS_ROOT}/Manifest.lock",
			);
			name = "[CP] Check Pods Manifest.lock";
			outputFileListPaths = (
			);
			outputPaths = (
				"$(DERIVED_FILE_DIR)/Pods-Pokedex-checkManifestLockResult.txt",
			);
			runOnlyForDeploymentPostprocessing = 0;
			shellPath = /bin/sh;
			shellScript = "diff \"${PODS_PODFILE_DIR_PATH}/Podfile.lock\" \"${PODS_ROOT}/Manifest.lock\" > /dev/null\nif [ $? != 0 ] ; then\n    # print error to STDERR\n    echo \"error: The sandbox is not in sync with the Podfile.lock. Run 'pod install' or update your CocoaPods installation.\" >&2\n    exit 1\nfi\n# This output is used by Xcode 'outputs' to avoid re-running this script phase.\necho \"SUCCESS\" > \"${SCRIPT_OUTPUT_FILE_0}\"\n";
			showEnvVarsInLog = 0;
		};
		ED7AC5EA2677F0BE002D5F29 /* Run Script (SwiftLint) */ = {
			isa = PBXShellScriptBuildPhase;
			buildActionMask = 2147483647;
			files = (
			);
			inputFileListPaths = (
			);
			inputPaths = (
			);
			name = "Run Script (SwiftLint)";
			outputFileListPaths = (
			);
			outputPaths = (
			);
			runOnlyForDeploymentPostprocessing = 0;
			shellPath = /bin/sh;
			shellScript = "${PODS_ROOT}/SwiftLint/swiftlint\n";
		};
/* End PBXShellScriptBuildPhase section */

/* Begin PBXSourcesBuildPhase section */
		EDA2A38E2677DEFB00C158DD /* Sources */ = {
			isa = PBXSourcesBuildPhase;
			buildActionMask = 2147483647;
			files = (
				EDDA8E692677E40600539CAD /* PokemonListViewController.swift in Sources */,
				EDC6EE7B2677FB9F0028A2B8 /* ApiService.swift in Sources */,
				ED1B15DE2677FE31002F3B05 /* ApiServiceProtocol.swift in Sources */,
				EDA2A3962677DEFB00C158DD /* AppDelegate.swift in Sources */,
				ED1B15E02677FF89002F3B05 /* UILabelExtension.swift in Sources */,
				EDC6EE752677F93C0028A2B8 /* PokemonListViewModel.swift in Sources */,
				EDA2A3982677DEFB00C158DD /* SceneDelegate.swift in Sources */,
			);
			runOnlyForDeploymentPostprocessing = 0;
		};
/* End PBXSourcesBuildPhase section */

/* Begin PBXVariantGroup section */
		EDA2A3A02677DEFF00C158DD /* LaunchScreen.storyboard */ = {
			isa = PBXVariantGroup;
			children = (
				EDA2A3A12677DEFF00C158DD /* Base */,
			);
			name = LaunchScreen.storyboard;
			sourceTree = "<group>";
		};
/* End PBXVariantGroup section */

/* Begin XCBuildConfiguration section */
		EDA2A3A42677DEFF00C158DD /* Debug */ = {
			isa = XCBuildConfiguration;
			buildSettings = {
				ALWAYS_SEARCH_USER_PATHS = NO;
				CLANG_ANALYZER_NONNULL = YES;
				CLANG_ANALYZER_NUMBER_OBJECT_CONVERSION = YES_AGGRESSIVE;
				CLANG_CXX_LANGUAGE_STANDARD = "gnu++14";
				CLANG_CXX_LIBRARY = "libc++";
				CLANG_ENABLE_MODULES = YES;
				CLANG_ENABLE_OBJC_ARC = YES;
				CLANG_ENABLE_OBJC_WEAK = YES;
				CLANG_WARN_BLOCK_CAPTURE_AUTORELEASING = YES;
				CLANG_WARN_BOOL_CONVERSION = YES;
				CLANG_WARN_COMMA = YES;
				CLANG_WARN_CONSTANT_CONVERSION = YES;
				CLANG_WARN_DEPRECATED_OBJC_IMPLEMENTATIONS = YES;
				CLANG_WARN_DIRECT_OBJC_ISA_USAGE = YES_ERROR;
				CLANG_WARN_DOCUMENTATION_COMMENTS = YES;
				CLANG_WARN_EMPTY_BODY = YES;
				CLANG_WARN_ENUM_CONVERSION = YES;
				CLANG_WARN_INFINITE_RECURSION = YES;
				CLANG_WARN_INT_CONVERSION = YES;
				CLANG_WARN_NON_LITERAL_NULL_CONVERSION = YES;
				CLANG_WARN_OBJC_IMPLICIT_RETAIN_SELF = YES;
				CLANG_WARN_OBJC_LITERAL_CONVERSION = YES;
				CLANG_WARN_OBJC_ROOT_CLASS = YES_ERROR;
				CLANG_WARN_QUOTED_INCLUDE_IN_FRAMEWORK_HEADER = YES;
				CLANG_WARN_RANGE_LOOP_ANALYSIS = YES;
				CLANG_WARN_STRICT_PROTOTYPES = YES;
				CLANG_WARN_SUSPICIOUS_MOVE = YES;
				CLANG_WARN_UNGUARDED_AVAILABILITY = YES_AGGRESSIVE;
				CLANG_WARN_UNREACHABLE_CODE = YES;
				CLANG_WARN__DUPLICATE_METHOD_MATCH = YES;
				COPY_PHASE_STRIP = NO;
				DEBUG_INFORMATION_FORMAT = dwarf;
				ENABLE_STRICT_OBJC_MSGSEND = YES;
				ENABLE_TESTABILITY = YES;
				GCC_C_LANGUAGE_STANDARD = gnu11;
				GCC_DYNAMIC_NO_PIC = NO;
				GCC_NO_COMMON_BLOCKS = YES;
				GCC_OPTIMIZATION_LEVEL = 0;
				GCC_PREPROCESSOR_DEFINITIONS = (
					"DEBUG=1",
					"$(inherited)",
				);
				GCC_WARN_64_TO_32_BIT_CONVERSION = YES;
				GCC_WARN_ABOUT_RETURN_TYPE = YES_ERROR;
				GCC_WARN_UNDECLARED_SELECTOR = YES;
				GCC_WARN_UNINITIALIZED_AUTOS = YES_AGGRESSIVE;
				GCC_WARN_UNUSED_FUNCTION = YES;
				GCC_WARN_UNUSED_VARIABLE = YES;
				IPHONEOS_DEPLOYMENT_TARGET = 12.0;
				MTL_ENABLE_DEBUG_INFO = INCLUDE_SOURCE;
				MTL_FAST_MATH = YES;
				ONLY_ACTIVE_ARCH = YES;
				SDKROOT = iphoneos;
				SWIFT_ACTIVE_COMPILATION_CONDITIONS = DEBUG;
				SWIFT_OPTIMIZATION_LEVEL = "-Onone";
			};
			name = Debug;
		};
		EDA2A3A52677DEFF00C158DD /* Release */ = {
			isa = XCBuildConfiguration;
			buildSettings = {
				ALWAYS_SEARCH_USER_PATHS = NO;
				CLANG_ANALYZER_NONNULL = YES;
				CLANG_ANALYZER_NUMBER_OBJECT_CONVERSION = YES_AGGRESSIVE;
				CLANG_CXX_LANGUAGE_STANDARD = "gnu++14";
				CLANG_CXX_LIBRARY = "libc++";
				CLANG_ENABLE_MODULES = YES;
				CLANG_ENABLE_OBJC_ARC = YES;
				CLANG_ENABLE_OBJC_WEAK = YES;
				CLANG_WARN_BLOCK_CAPTURE_AUTORELEASING = YES;
				CLANG_WARN_BOOL_CONVERSION = YES;
				CLANG_WARN_COMMA = YES;
				CLANG_WARN_CONSTANT_CONVERSION = YES;
				CLANG_WARN_DEPRECATED_OBJC_IMPLEMENTATIONS = YES;
				CLANG_WARN_DIRECT_OBJC_ISA_USAGE = YES_ERROR;
				CLANG_WARN_DOCUMENTATION_COMMENTS = YES;
				CLANG_WARN_EMPTY_BODY = YES;
				CLANG_WARN_ENUM_CONVERSION = YES;
				CLANG_WARN_INFINITE_RECURSION = YES;
				CLANG_WARN_INT_CONVERSION = YES;
				CLANG_WARN_NON_LITERAL_NULL_CONVERSION = YES;
				CLANG_WARN_OBJC_IMPLICIT_RETAIN_SELF = YES;
				CLANG_WARN_OBJC_LITERAL_CONVERSION = YES;
				CLANG_WARN_OBJC_ROOT_CLASS = YES_ERROR;
				CLANG_WARN_QUOTED_INCLUDE_IN_FRAMEWORK_HEADER = YES;
				CLANG_WARN_RANGE_LOOP_ANALYSIS = YES;
				CLANG_WARN_STRICT_PROTOTYPES = YES;
				CLANG_WARN_SUSPICIOUS_MOVE = YES;
				CLANG_WARN_UNGUARDED_AVAILABILITY = YES_AGGRESSIVE;
				CLANG_WARN_UNREACHABLE_CODE = YES;
				CLANG_WARN__DUPLICATE_METHOD_MATCH = YES;
				COPY_PHASE_STRIP = NO;
				DEBUG_INFORMATION_FORMAT = "dwarf-with-dsym";
				ENABLE_NS_ASSERTIONS = NO;
				ENABLE_STRICT_OBJC_MSGSEND = YES;
				GCC_C_LANGUAGE_STANDARD = gnu11;
				GCC_NO_COMMON_BLOCKS = YES;
				GCC_WARN_64_TO_32_BIT_CONVERSION = YES;
				GCC_WARN_ABOUT_RETURN_TYPE = YES_ERROR;
				GCC_WARN_UNDECLARED_SELECTOR = YES;
				GCC_WARN_UNINITIALIZED_AUTOS = YES_AGGRESSIVE;
				GCC_WARN_UNUSED_FUNCTION = YES;
				GCC_WARN_UNUSED_VARIABLE = YES;
				IPHONEOS_DEPLOYMENT_TARGET = 12.0;
				MTL_ENABLE_DEBUG_INFO = NO;
				MTL_FAST_MATH = YES;
				SDKROOT = iphoneos;
				SWIFT_COMPILATION_MODE = wholemodule;
				SWIFT_OPTIMIZATION_LEVEL = "-O";
				VALIDATE_PRODUCT = YES;
			};
			name = Release;
		};
		EDA2A3A72677DEFF00C158DD /* Debug */ = {
			isa = XCBuildConfiguration;
			baseConfigurationReference = 4AFC31DDE65CF6A6826C21D0 /* Pods-Pokedex.debug.xcconfig */;
			buildSettings = {
				ASSETCATALOG_COMPILER_APPICON_NAME = AppIcon;
				ASSETCATALOG_COMPILER_GLOBAL_ACCENT_COLOR_NAME = AccentColor;
				CODE_SIGN_STYLE = Automatic;
				CURRENT_PROJECT_VERSION = 100;
				DEVELOPMENT_TEAM = 3R4G34944V;
				INFOPLIST_FILE = Pokedex/Misc/Info.plist;
				IPHONEOS_DEPLOYMENT_TARGET = 12.0;
				LD_RUNPATH_SEARCH_PATHS = (
					"$(inherited)",
					"@executable_path/Frameworks",
				);
				MARKETING_VERSION = 0.1.0;
				PRODUCT_BUNDLE_IDENTIFIER = dk.ambro.pokedex;
				PRODUCT_NAME = "$(TARGET_NAME)";
				SWIFT_VERSION = 5.0;
				TARGETED_DEVICE_FAMILY = 1;
			};
			name = Debug;
		};
		EDA2A3A82677DEFF00C158DD /* Release */ = {
			isa = XCBuildConfiguration;
			baseConfigurationReference = C190186CEE1D56A1C0D606D1 /* Pods-Pokedex.release.xcconfig */;
			buildSettings = {
				ASSETCATALOG_COMPILER_APPICON_NAME = AppIcon;
				ASSETCATALOG_COMPILER_GLOBAL_ACCENT_COLOR_NAME = AccentColor;
				CODE_SIGN_STYLE = Automatic;
				CURRENT_PROJECT_VERSION = 100;
				DEVELOPMENT_TEAM = 3R4G34944V;
				INFOPLIST_FILE = Pokedex/Misc/Info.plist;
				IPHONEOS_DEPLOYMENT_TARGET = 12.0;
				LD_RUNPATH_SEARCH_PATHS = (
					"$(inherited)",
					"@executable_path/Frameworks",
				);
				MARKETING_VERSION = 0.1.0;
				PRODUCT_BUNDLE_IDENTIFIER = dk.ambro.pokedex;
				PRODUCT_NAME = "$(TARGET_NAME)";
				SWIFT_VERSION = 5.0;
				TARGETED_DEVICE_FAMILY = 1;
			};
			name = Release;
		};
/* End XCBuildConfiguration section */

/* Begin XCConfigurationList section */
		EDA2A38D2677DEFB00C158DD /* Build configuration list for PBXProject "Pokedex" */ = {
			isa = XCConfigurationList;
			buildConfigurations = (
				EDA2A3A42677DEFF00C158DD /* Debug */,
				EDA2A3A52677DEFF00C158DD /* Release */,
			);
			defaultConfigurationIsVisible = 0;
			defaultConfigurationName = Release;
		};
		EDA2A3A62677DEFF00C158DD /* Build configuration list for PBXNativeTarget "Pokedex" */ = {
			isa = XCConfigurationList;
			buildConfigurations = (
				EDA2A3A72677DEFF00C158DD /* Debug */,
				EDA2A3A82677DEFF00C158DD /* Release */,
			);
			defaultConfigurationIsVisible = 0;
			defaultConfigurationName = Release;
		};
/* End XCConfigurationList section */
	};
	rootObject = EDA2A38A2677DEFB00C158DD /* Project object */;
}
